
Microsoft Visual Studio Solution File, Format Version 9.00
# Visual Studio 2005
Project("{E24C65DC-7377-472B-9ABA-BC803B73C61A}") = "C:\...\Ch18Authentication\", ".", "{FE1ECAE4-5C57-4F6E-A07E-2A90CBB59073}"
	ProjectSection(WebsiteProperties) = preProject
		Debug.AspNetCompiler.VirtualPath = "/Ch18Authentication"
		Debug.AspNetCompiler.PhysicalPath = "..\..\..\..\..\..\UTech\Courses\EC\Year2009-2010\Sem2\Examples\CS\Ch18Authentication\"
		Debug.AspNetCompiler.TargetPath = "PrecompiledWeb\Ch18Authentication\"
		Debug.AspNetCompiler.Updateable = "true"
		Debug.AspNetCompiler.ForceOverwrite = "true"
		Debug.AspNetCompiler.FixedNames = "false"
		Debug.AspNetCompiler.Debug = "True"
		Release.AspNetCompiler.VirtualPath = "/Ch18Authentication"
		Release.AspNetCompiler.PhysicalPath = "..\..\..\..\..\..\UTech\Courses\EC\Year2009-2010\Sem2\Examples\CS\Ch18Authentication\"
		Release.AspNetCompiler.TargetPath = "PrecompiledWeb\Ch18Authentication\"
		Release.AspNetCompiler.Updateable = "true"
		Release.AspNetCompiler.ForceOverwrite = "true"
		Release.AspNetCompiler.FixedNames = "false"
		Release.AspNetCompiler.Debug = "False"
		VWDPort = "2036"
	EndProjectSection
EndProject
Global
	GlobalSection(SolutionConfigurationPlatforms) = preSolution
		Debug|.NET = Debug|.NET
	EndGlobalSection
	GlobalSection(ProjectConfigurationPlatforms) = postSolution
		{FE1ECAE4-5C57-4F6E-A07E-2A90CBB59073}.Debug|.NET.ActiveCfg = Debug|.NET
		{FE1ECAE4-5C57-4F6E-A07E-2A90CBB59073}.Debug|.NET.Build.0 = Debug|.NET
	EndGlobalSection
	GlobalSection(SolutionProperties) = preSolution
		HideSolutionNode = FALSE
	EndGlobalSection
EndGlobal
