
Microsoft Visual Studio Solution File, Format Version 9.00
# Visual Studio 2005
Project("{FAE04EC0-301F-11D3-BF4B-00C04F79EFBC}") = "ValeriLibrary", "ValeriLibrary.csproj", "{1315FB0A-EBE4-4B08-B076-C8EC4177AA92}"
EndProject
Global
	GlobalSection(SolutionConfigurationPlatforms) = preSolution
		Debug|Any CPU = Debug|Any CPU
		Release|Any CPU = Release|Any CPU
	EndGlobalSection
	GlobalSection(ProjectConfigurationPlatforms) = postSolution
		{1315FB0A-EBE4-4B08-B076-C8EC4177AA92}.Debug|Any CPU.ActiveCfg = Debug|Any CPU
		{1315FB0A-EBE4-4B08-B076-C8EC4177AA92}.Debug|Any CPU.Build.0 = Debug|Any CPU
		{1315FB0A-EBE4-4B08-B076-C8EC4177AA92}.Release|Any CPU.ActiveCfg = Release|Any CPU
		{1315FB0A-EBE4-4B08-B076-C8EC4177AA92}.Release|Any CPU.Build.0 = Release|Any CPU
	EndGlobalSection
	GlobalSection(SolutionProperties) = preSolution
		HideSolutionNode = FALSE
	EndGlobalSection
EndGlobal
