
Microsoft Visual Studio Solution File, Format Version 9.00
# Visual Studio 2005
Project("{E24C65DC-7377-472B-9ABA-BC803B73C61A}") = "C:\...\Ch02FutureValue\", ".", "{9146C346-6B9F-4ABE-990E-1D7333FA3369}"
	ProjectSection(WebsiteProperties) = preProject
		Debug.AspNetCompiler.VirtualPath = "/Ch02FutureValue"
		Debug.AspNetCompiler.PhysicalPath = "..\..\..\..\..\..\UTech\Courses\EC\Year2009-2010\Sem1\Examples\VB2005\Ch02FutureValue\"
		Debug.AspNetCompiler.TargetPath = "PrecompiledWeb\Ch02FutureValue\"
		Debug.AspNetCompiler.Updateable = "true"
		Debug.AspNetCompiler.ForceOverwrite = "true"
		Debug.AspNetCompiler.FixedNames = "false"
		Debug.AspNetCompiler.Debug = "True"
		Release.AspNetCompiler.VirtualPath = "/Ch02FutureValue"
		Release.AspNetCompiler.PhysicalPath = "..\..\..\..\..\..\UTech\Courses\EC\Year2009-2010\Sem1\Examples\VB2005\Ch02FutureValue\"
		Release.AspNetCompiler.TargetPath = "PrecompiledWeb\Ch02FutureValue\"
		Release.AspNetCompiler.Updateable = "true"
		Release.AspNetCompiler.ForceOverwrite = "true"
		Release.AspNetCompiler.FixedNames = "false"
		Release.AspNetCompiler.Debug = "False"
		VWDPort = "2105"
	EndProjectSection
EndProject
Global
	GlobalSection(SolutionConfigurationPlatforms) = preSolution
		Debug|.NET = Debug|.NET
	EndGlobalSection
	GlobalSection(ProjectConfigurationPlatforms) = postSolution
		{9146C346-6B9F-4ABE-990E-1D7333FA3369}.Debug|.NET.ActiveCfg = Debug|.NET
		{9146C346-6B9F-4ABE-990E-1D7333FA3369}.Debug|.NET.Build.0 = Debug|.NET
	EndGlobalSection
	GlobalSection(SolutionProperties) = preSolution
		HideSolutionNode = FALSE
	EndGlobalSection
EndGlobal
